{
  "version": 4,
  "terraform_version": "1.13.4",
  "serial": 2,
  "lineage": "1a2a1825-897d-cc0c-6b9c-d6a61c80f4dd",
  "outputs": {
    "pet_name": {
      "value": "possible-monster",
      "type": "string"
    }
  },
  "resources": [
    {
      "mode": "managed",
      "type": "random_pet",
      "name": "example",
      "provider": "provider[\"registry.terraform.io/hashicorp/random\"]",
      "instances": [
        {
          "schema_version": 0,
          "attributes": {
            "id": "possible-monster",
            "keepers": null,
            "length": 2,
            "prefix": null,
            "separator": "-"
          },
          "sensitive_attributes": [],
          "identity_schema_version": 0
        }
      ]
    }
  ],
  "check_results": null
}
